
Microsoft Visual Studio Solution File, Format Version 12.00
# Visual Studio Version 16
VisualStudioVersion = 16.0.31911.196
MinimumVisualStudioVersion = 10.0.40219.1
Project("{8BC9CEB8-8B4A-11D0-8D11-00A0C91BC942}") = "Day 1 Sonar Sweep", "2021\Day1SonarSweep\Day1SonarSweep.vcxproj", "{0994B0FD-6394-4D4E-96D8-EA50DEED1287}"
EndProject
Project("{2150E333-8FDC-42A3-9474-1A3956D46DE8}") = "2015", "2015", "{B7E9B953-0F9B-4C54-82C0-63430D4E82BA}"
EndProject
Project("{8BC9CEB8-8B4A-11D0-8D11-00A0C91BC942}") = "Day 1 Not Quite Lisp", "2015\Day 1 Not Quite Lisp\Day 1 Not Quite Lisp.vcxproj", "{7ABAC9AB-9A8D-48CC-B295-559A78910729}"
EndProject
Project("{2150E333-8FDC-42A3-9474-1A3956D46DE8}") = "2021", "2021", "{DD927A79-5112-433A-B3D1-EAA2C1721387}"
EndProject
Project("{8BC9CEB8-8B4A-11D0-8D11-00A0C91BC942}") = "Day 2 I Was Told There Would Be No Math", "2015\Day 2 I Was Told There Would Be No Math\Day 2 I Was Told There Would Be No Math.vcxproj", "{BB494D6A-FE06-44A6-B771-F0E264DAE7AF}"
EndProject
Project("{8BC9CEB8-8B4A-11D0-8D11-00A0C91BC942}") = "Day 2 Dive", "2021\Day 2 Dive\Day 2 Dive.vcxproj", "{DF8970EC-8033-4E86-BC54-592B28DE0055}"
EndProject
Project("{8BC9CEB8-8B4A-11D0-8D11-00A0C91BC942}") = "Day 3 Binary Diagnostic", "2021\Day 3 Binary Diagnostic\Day 3 Binary Diagnostic.vcxproj", "{60DFB874-A7FE-4BC0-8998-ADB8693EF404}"
EndProject
Project("{8BC9CEB8-8B4A-11D0-8D11-00A0C91BC942}") = "Day 4 Giant Squid", "2021\Day 4 Giant Squid\Day 4 Giant Squid.vcxproj", "{98C3C0EC-8BEC-4298-A853-1471D3CC8948}"
EndProject
Project("{8BC9CEB8-8B4A-11D0-8D11-00A0C91BC942}") = "Hydrothermal Venture", "2021\Hydrothermal Venture\Hydrothermal Venture.vcxproj", "{2266B51F-C5BA-4AC5-952D-EB6EA9301602}"
EndProject
Global
	GlobalSection(SolutionConfigurationPlatforms) = preSolution
		Debug|x64 = Debug|x64
		Debug|x86 = Debug|x86
		Release|x64 = Release|x64
		Release|x86 = Release|x86
	EndGlobalSection
	GlobalSection(ProjectConfigurationPlatforms) = postSolution
		{0994B0FD-6394-4D4E-96D8-EA50DEED1287}.Debug|x64.ActiveCfg = Debug|x64
		{0994B0FD-6394-4D4E-96D8-EA50DEED1287}.Debug|x64.Build.0 = Debug|x64
		{0994B0FD-6394-4D4E-96D8-EA50DEED1287}.Debug|x86.ActiveCfg = Debug|Win32
		{0994B0FD-6394-4D4E-96D8-EA50DEED1287}.Debug|x86.Build.0 = Debug|Win32
		{0994B0FD-6394-4D4E-96D8-EA50DEED1287}.Release|x64.ActiveCfg = Release|x64
		{0994B0FD-6394-4D4E-96D8-EA50DEED1287}.Release|x64.Build.0 = Release|x64
		{0994B0FD-6394-4D4E-96D8-EA50DEED1287}.Release|x86.ActiveCfg = Release|Win32
		{0994B0FD-6394-4D4E-96D8-EA50DEED1287}.Release|x86.Build.0 = Release|Win32
		{7ABAC9AB-9A8D-48CC-B295-559A78910729}.Debug|x64.ActiveCfg = Debug|x64
		{7ABAC9AB-9A8D-48CC-B295-559A78910729}.Debug|x64.Build.0 = Debug|x64
		{7ABAC9AB-9A8D-48CC-B295-559A78910729}.Debug|x86.ActiveCfg = Debug|Win32
		{7ABAC9AB-9A8D-48CC-B295-559A78910729}.Debug|x86.Build.0 = Debug|Win32
		{7ABAC9AB-9A8D-48CC-B295-559A78910729}.Release|x64.ActiveCfg = Release|x64
		{7ABAC9AB-9A8D-48CC-B295-559A78910729}.Release|x64.Build.0 = Release|x64
		{7ABAC9AB-9A8D-48CC-B295-559A78910729}.Release|x86.ActiveCfg = Release|Win32
		{7ABAC9AB-9A8D-48CC-B295-559A78910729}.Release|x86.Build.0 = Release|Win32
		{BB494D6A-FE06-44A6-B771-F0E264DAE7AF}.Debug|x64.ActiveCfg = Debug|x64
		{BB494D6A-FE06-44A6-B771-F0E264DAE7AF}.Debug|x64.Build.0 = Debug|x64
		{BB494D6A-FE06-44A6-B771-F0E264DAE7AF}.Debug|x86.ActiveCfg = Debug|Win32
		{BB494D6A-FE06-44A6-B771-F0E264DAE7AF}.Debug|x86.Build.0 = Debug|Win32
		{BB494D6A-FE06-44A6-B771-F0E264DAE7AF}.Release|x64.ActiveCfg = Release|x64
		{BB494D6A-FE06-44A6-B771-F0E264DAE7AF}.Release|x64.Build.0 = Release|x64
		{BB494D6A-FE06-44A6-B771-F0E264DAE7AF}.Release|x86.ActiveCfg = Release|Win32
		{BB494D6A-FE06-44A6-B771-F0E264DAE7AF}.Release|x86.Build.0 = Release|Win32
		{DF8970EC-8033-4E86-BC54-592B28DE0055}.Debug|x64.ActiveCfg = Debug|x64
		{DF8970EC-8033-4E86-BC54-592B28DE0055}.Debug|x64.Build.0 = Debug|x64
		{DF8970EC-8033-4E86-BC54-592B28DE0055}.Debug|x86.ActiveCfg = Debug|Win32
		{DF8970EC-8033-4E86-BC54-592B28DE0055}.Debug|x86.Build.0 = Debug|Win32
		{DF8970EC-8033-4E86-BC54-592B28DE0055}.Release|x64.ActiveCfg = Release|x64
		{DF8970EC-8033-4E86-BC54-592B28DE0055}.Release|x64.Build.0 = Release|x64
		{DF8970EC-8033-4E86-BC54-592B28DE0055}.Release|x86.ActiveCfg = Release|Win32
		{DF8970EC-8033-4E86-BC54-592B28DE0055}.Release|x86.Build.0 = Release|Win32
		{60DFB874-A7FE-4BC0-8998-ADB8693EF404}.Debug|x64.ActiveCfg = Debug|x64
		{60DFB874-A7FE-4BC0-8998-ADB8693EF404}.Debug|x64.Build.0 = Debug|x64
		{60DFB874-A7FE-4BC0-8998-ADB8693EF404}.Debug|x86.ActiveCfg = Debug|Win32
		{60DFB874-A7FE-4BC0-8998-ADB8693EF404}.Debug|x86.Build.0 = Debug|Win32
		{60DFB874-A7FE-4BC0-8998-ADB8693EF404}.Release|x64.ActiveCfg = Release|x64
		{60DFB874-A7FE-4BC0-8998-ADB8693EF404}.Release|x64.Build.0 = Release|x64
		{60DFB874-A7FE-4BC0-8998-ADB8693EF404}.Release|x86.ActiveCfg = Release|Win32
		{60DFB874-A7FE-4BC0-8998-ADB8693EF404}.Release|x86.Build.0 = Release|Win32
		{98C3C0EC-8BEC-4298-A853-1471D3CC8948}.Debug|x64.ActiveCfg = Debug|x64
		{98C3C0EC-8BEC-4298-A853-1471D3CC8948}.Debug|x64.Build.0 = Debug|x64
		{98C3C0EC-8BEC-4298-A853-1471D3CC8948}.Debug|x86.ActiveCfg = Debug|Win32
		{98C3C0EC-8BEC-4298-A853-1471D3CC8948}.Debug|x86.Build.0 = Debug|Win32
		{98C3C0EC-8BEC-4298-A853-1471D3CC8948}.Release|x64.ActiveCfg = Release|x64
		{98C3C0EC-8BEC-4298-A853-1471D3CC8948}.Release|x64.Build.0 = Release|x64
		{98C3C0EC-8BEC-4298-A853-1471D3CC8948}.Release|x86.ActiveCfg = Release|Win32
		{98C3C0EC-8BEC-4298-A853-1471D3CC8948}.Release|x86.Build.0 = Release|Win32
		{2266B51F-C5BA-4AC5-952D-EB6EA9301602}.Debug|x64.ActiveCfg = Debug|x64
		{2266B51F-C5BA-4AC5-952D-EB6EA9301602}.Debug|x64.Build.0 = Debug|x64
		{2266B51F-C5BA-4AC5-952D-EB6EA9301602}.Debug|x86.ActiveCfg = Debug|Win32
		{2266B51F-C5BA-4AC5-952D-EB6EA9301602}.Debug|x86.Build.0 = Debug|Win32
		{2266B51F-C5BA-4AC5-952D-EB6EA9301602}.Release|x64.ActiveCfg = Release|x64
		{2266B51F-C5BA-4AC5-952D-EB6EA9301602}.Release|x64.Build.0 = Release|x64
		{2266B51F-C5BA-4AC5-952D-EB6EA9301602}.Release|x86.ActiveCfg = Release|Win32
		{2266B51F-C5BA-4AC5-952D-EB6EA9301602}.Release|x86.Build.0 = Release|Win32
	EndGlobalSection
	GlobalSection(SolutionProperties) = preSolution
		HideSolutionNode = FALSE
	EndGlobalSection
	GlobalSection(NestedProjects) = preSolution
		{0994B0FD-6394-4D4E-96D8-EA50DEED1287} = {DD927A79-5112-433A-B3D1-EAA2C1721387}
		{7ABAC9AB-9A8D-48CC-B295-559A78910729} = {B7E9B953-0F9B-4C54-82C0-63430D4E82BA}
		{BB494D6A-FE06-44A6-B771-F0E264DAE7AF} = {B7E9B953-0F9B-4C54-82C0-63430D4E82BA}
		{DF8970EC-8033-4E86-BC54-592B28DE0055} = {DD927A79-5112-433A-B3D1-EAA2C1721387}
		{60DFB874-A7FE-4BC0-8998-ADB8693EF404} = {DD927A79-5112-433A-B3D1-EAA2C1721387}
		{98C3C0EC-8BEC-4298-A853-1471D3CC8948} = {DD927A79-5112-433A-B3D1-EAA2C1721387}
		{2266B51F-C5BA-4AC5-952D-EB6EA9301602} = {DD927A79-5112-433A-B3D1-EAA2C1721387}
	EndGlobalSection
	GlobalSection(ExtensibilityGlobals) = postSolution
		SolutionGuid = {DD5ECDCD-558D-4DDF-ADC8-4598EBBC98EA}
	EndGlobalSection
EndGlobal
